// !$*UTF8*$!
{
	archiveVersion = 1;
	classes = {
	};
	objectVersion = 46;
	objects = {

/* Begin PBXBuildFile section */
		953DA8611CCA590E00180F21 /* URLListStropsObject.m in Sources */ = {isa = PBXBuildFile; fileRef = 953DA8601CCA590E00180F21 /* URLListStropsObject.m */; };
		953FC5101CC62EFB00B96952 /* main.m in Sources */ = {isa = PBXBuildFile; fileRef = 953FC50F1CC62EFB00B96952 /* main.m */; };
		953FC5131CC62EFB00B96952 /* AppDelegate.m in Sources */ = {isa = PBXBuildFile; fileRef = 953FC5121CC62EFB00B96952 /* AppDelegate.m */; };
		953FC5191CC62EFB00B96952 /* Main.storyboard in Resources */ = {isa = PBXBuildFile; fileRef = 953FC5171CC62EFB00B96952 /* Main.storyboard */; };
		953FC51C1CC62EFB00B96952 /* CityTransport.xcdatamodeld in Sources */ = {isa = PBXBuildFile; fileRef = 953FC51A1CC62EFB00B96952 /* CityTransport.xcdatamodeld */; };
		953FC51E1CC62EFB00B96952 /* Assets.xcassets in Resources */ = {isa = PBXBuildFile; fileRef = 953FC51D1CC62EFB00B96952 /* Assets.xcassets */; };
		953FC5211CC62EFB00B96952 /* LaunchScreen.storyboard in Resources */ = {isa = PBXBuildFile; fileRef = 953FC51F1CC62EFB00B96952 /* LaunchScreen.storyboard */; };
		953FC52C1CC62EFB00B96952 /* CityTransportTests.m in Sources */ = {isa = PBXBuildFile; fileRef = 953FC52B1CC62EFB00B96952 /* CityTransportTests.m */; };
		953FC5371CC62EFB00B96952 /* CityTransportUITests.m in Sources */ = {isa = PBXBuildFile; fileRef = 953FC5361CC62EFB00B96952 /* CityTransportUITests.m */; };
		953FC5461CC631C000B96952 /* TableListStopsViewController.m in Sources */ = {isa = PBXBuildFile; fileRef = 953FC5451CC631C000B96952 /* TableListStopsViewController.m */; };
		9557920F1CCCEF9600602344 /* TableListStopsViewCell.m in Sources */ = {isa = PBXBuildFile; fileRef = 9557920E1CCCEF9600602344 /* TableListStopsViewCell.m */; };
		95F647481CCFCE9A0051271E /* URLListStopRouteObject.m in Sources */ = {isa = PBXBuildFile; fileRef = 95F647471CCFCE9A0051271E /* URLListStopRouteObject.m */; };
		95F6474D1CD07B4D0051271E /* TableListStopRoute.m in Sources */ = {isa = PBXBuildFile; fileRef = 95F6474C1CD07B4D0051271E /* TableListStopRoute.m */; };
		95F647501CD07B710051271E /* TableListStopRouteCell.m in Sources */ = {isa = PBXBuildFile; fileRef = 95F6474F1CD07B710051271E /* TableListStopRouteCell.m */; };
/* End PBXBuildFile section */

/* Begin PBXContainerItemProxy section */
		953FC5281CC62EFB00B96952 /* PBXContainerItemProxy */ = {
			isa = PBXContainerItemProxy;
			containerPortal = 953FC5031CC62EFB00B96952 /* Project object */;
			proxyType = 1;
			remoteGlobalIDString = 953FC50A1CC62EFB00B96952;
			remoteInfo = CityTransport;
		};
		953FC5331CC62EFB00B96952 /* PBXContainerItemProxy */ = {
			isa = PBXContainerItemProxy;
			containerPortal = 953FC5031CC62EFB00B96952 /* Project object */;
			proxyType = 1;
			remoteGlobalIDString = 953FC50A1CC62EFB00B96952;
			remoteInfo = CityTransport;
		};
/* End PBXContainerItemProxy section */

/* Begin PBXFileReference section */
		953DA85F1CCA590E00180F21 /* URLListStropsObject.h */ = {isa = PBXFileReference; fileEncoding = 4; lastKnownFileType = sourcecode.c.h; path = URLListStropsObject.h; sourceTree = "<group>"; };
		953DA8601CCA590E00180F21 /* URLListStropsObject.m */ = {isa = PBXFileReference; fileEncoding = 4; lastKnownFileType = sourcecode.c.objc; path = URLListStropsObject.m; sourceTree = "<group>"; };
		953FC50B1CC62EFB00B96952 /* CityTransport.app */ = {isa = PBXFileReference; explicitFileType = wrapper.application; includeInIndex = 0; path = CityTransport.app; sourceTree = BUILT_PRODUCTS_DIR; };
		953FC50F1CC62EFB00B96952 /* main.m */ = {isa = PBXFileReference; lastKnownFileType = sourcecode.c.objc; path = main.m; sourceTree = "<group>"; };
		953FC5111CC62EFB00B96952 /* AppDelegate.h */ = {isa = PBXFileReference; lastKnownFileType = sourcecode.c.h; path = AppDelegate.h; sourceTree = "<group>"; };
		953FC5121CC62EFB00B96952 /* AppDelegate.m */ = {isa = PBXFileReference; lastKnownFileType = sourcecode.c.objc; path = AppDelegate.m; sourceTree = "<group>"; };
		953FC5181CC62EFB00B96952 /* Base */ = {isa = PBXFileReference; lastKnownFileType = file.storyboard; name = Base; path = Base.lproj/Main.storyboard; sourceTree = "<group>"; };
		953FC51B1CC62EFB00B96952 /* CityTransport.xcdatamodel */ = {isa = PBXFileReference; lastKnownFileType = wrapper.xcdatamodel; path = CityTransport.xcdatamodel; sourceTree = "<group>"; };
		953FC51D1CC62EFB00B96952 /* Assets.xcassets */ = {isa = PBXFileReference; lastKnownFileType = folder.assetcatalog; path = Assets.xcassets; sourceTree = "<group>"; };
		953FC5201CC62EFB00B96952 /* Base */ = {isa = PBXFileReference; lastKnownFileType = file.storyboard; name = Base; path = Base.lproj/LaunchScreen.storyboard; sourceTree = "<group>"; };
		953FC5221CC62EFB00B96952 /* Info.plist */ = {isa = PBXFileReference; lastKnownFileType = text.plist.xml; path = Info.plist; sourceTree = "<group>"; };
		953FC5271CC62EFB00B96952 /* CityTransportTests.xctest */ = {isa = PBXFileReference; explicitFileType = wrapper.cfbundle; includeInIndex = 0; path = CityTransportTests.xctest; sourceTree = BUILT_PRODUCTS_DIR; };
		953FC52B1CC62EFB00B96952 /* CityTransportTests.m */ = {isa = PBXFileReference; lastKnownFileType = sourcecode.c.objc; path = CityTransportTests.m; sourceTree = "<group>"; };
		953FC52D1CC62EFB00B96952 /* Info.plist */ = {isa = PBXFileReference; lastKnownFileType = text.plist.xml; path = Info.plist; sourceTree = "<group>"; };
		953FC5321CC62EFB00B96952 /* CityTransportUITests.xctest */ = {isa = PBXFileReference; explicitFileType = wrapper.cfbundle; includeInIndex = 0; path = CityTransportUITests.xctest; sourceTree = BUILT_PRODUCTS_DIR; };
		953FC5361CC62EFB00B96952 /* CityTransportUITests.m */ = {isa = PBXFileReference; lastKnownFileType = sourcecode.c.objc; path = CityTransportUITests.m; sourceTree = "<group>"; };
		953FC5381CC62EFB00B96952 /* Info.plist */ = {isa = PBXFileReference; lastKnownFileType = text.plist.xml; path = Info.plist; sourceTree = "<group>"; };
		953FC5441CC631C000B96952 /* TableListStopsViewController.h */ = {isa = PBXFileReference; fileEncoding = 4; lastKnownFileType = sourcecode.c.h; name = TableListStopsViewController.h; path = ../TableListStopsViewController.h; sourceTree = "<group>"; };
		953FC5451CC631C000B96952 /* TableListStopsViewController.m */ = {isa = PBXFileReference; fileEncoding = 4; lastKnownFileType = sourcecode.c.objc; name = TableListStopsViewController.m; path = ../TableListStopsViewController.m; sourceTree = "<group>"; };
		9557920D1CCCEF9600602344 /* TableListStopsViewCell.h */ = {isa = PBXFileReference; fileEncoding = 4; lastKnownFileType = sourcecode.c.h; path = TableListStopsViewCell.h; sourceTree = "<group>"; };
		9557920E1CCCEF9600602344 /* TableListStopsViewCell.m */ = {isa = PBXFileReference; fileEncoding = 4; lastKnownFileType = sourcecode.c.objc; path = TableListStopsViewCell.m; sourceTree = "<group>"; };
		95F647461CCFCE9A0051271E /* URLListStopRouteObject.h */ = {isa = PBXFileReference; fileEncoding = 4; lastKnownFileType = sourcecode.c.h; path = URLListStopRouteObject.h; sourceTree = "<group>"; };
		95F647471CCFCE9A0051271E /* URLListStopRouteObject.m */ = {isa = PBXFileReference; fileEncoding = 4; lastKnownFileType = sourcecode.c.objc; path = URLListStopRouteObject.m; sourceTree = "<group>"; };
		95F6474B1CD07B4D0051271E /* TableListStopRoute.h */ = {isa = PBXFileReference; fileEncoding = 4; lastKnownFileType = sourcecode.c.h; path = TableListStopRoute.h; sourceTree = "<group>"; };
		95F6474C1CD07B4D0051271E /* TableListStopRoute.m */ = {isa = PBXFileReference; fileEncoding = 4; lastKnownFileType = sourcecode.c.objc; path = TableListStopRoute.m; sourceTree = "<group>"; };
		95F6474E1CD07B710051271E /* TableListStopRouteCell.h */ = {isa = PBXFileReference; fileEncoding = 4; lastKnownFileType = sourcecode.c.h; path = TableListStopRouteCell.h; sourceTree = "<group>"; };
		95F6474F1CD07B710051271E /* TableListStopRouteCell.m */ = {isa = PBXFileReference; fileEncoding = 4; lastKnownFileType = sourcecode.c.objc; path = TableListStopRouteCell.m; sourceTree = "<group>"; };
/* End PBXFileReference section */

/* Begin PBXFrameworksBuildPhase section */
		953FC5081CC62EFB00B96952 /* Frameworks */ = {
			isa = PBXFrameworksBuildPhase;
			buildActionMask = 2147483647;
			files = (
			);
			runOnlyForDeploymentPostprocessing = 0;
		};
		953FC5241CC62EFB00B96952 /* Frameworks */ = {
			isa = PBXFrameworksBuildPhase;
			buildActionMask = 2147483647;
			files = (
			);
			runOnlyForDeploymentPostprocessing = 0;
		};
		953FC52F1CC62EFB00B96952 /* Frameworks */ = {
			isa = PBXFrameworksBuildPhase;
			buildActionMask = 2147483647;
			files = (
			);
			runOnlyForDeploymentPostprocessing = 0;
		};
/* End PBXFrameworksBuildPhase section */

/* Begin PBXGroup section */
		953DA85E1CCA58DD00180F21 /* Models */ = {
			isa = PBXGroup;
			children = (
				953DA85F1CCA590E00180F21 /* URLListStropsObject.h */,
				953DA8601CCA590E00180F21 /* URLListStropsObject.m */,
				95F647461CCFCE9A0051271E /* URLListStopRouteObject.h */,
				95F647471CCFCE9A0051271E /* URLListStopRouteObject.m */,
			);
			name = Models;
			sourceTree = "<group>";
		};
		953FC5021CC62EFB00B96952 = {
			isa = PBXGroup;
			children = (
				953FC50D1CC62EFB00B96952 /* CityTransport */,
				953FC52A1CC62EFB00B96952 /* CityTransportTests */,
				953FC5351CC62EFB00B96952 /* CityTransportUITests */,
				953FC50C1CC62EFB00B96952 /* Products */,
			);
			sourceTree = "<group>";
		};
		953FC50C1CC62EFB00B96952 /* Products */ = {
			isa = PBXGroup;
			children = (
				953FC50B1CC62EFB00B96952 /* CityTransport.app */,
				953FC5271CC62EFB00B96952 /* CityTransportTests.xctest */,
				953FC5321CC62EFB00B96952 /* CityTransportUITests.xctest */,
			);
			name = Products;
			sourceTree = "<group>";
		};
		953FC50D1CC62EFB00B96952 /* CityTransport */ = {
			isa = PBXGroup;
			children = (
				953FC5111CC62EFB00B96952 /* AppDelegate.h */,
				953FC5121CC62EFB00B96952 /* AppDelegate.m */,
				953DA85E1CCA58DD00180F21 /* Models */,
				95F647491CD07AFB0051271E /* TableListStops */,
				95F647511CD07B850051271E /* TableListStopRoute */,
				953FC51D1CC62EFB00B96952 /* Assets.xcassets */,
				953FC5171CC62EFB00B96952 /* Main.storyboard */,
				953FC51F1CC62EFB00B96952 /* LaunchScreen.storyboard */,
				953FC5221CC62EFB00B96952 /* Info.plist */,
				953FC51A1CC62EFB00B96952 /* CityTransport.xcdatamodeld */,
				953FC50E1CC62EFB00B96952 /* Supporting Files */,
			);
			path = CityTransport;
			sourceTree = "<group>";
		};
		953FC50E1CC62EFB00B96952 /* Supporting Files */ = {
			isa = PBXGroup;
			children = (
				953FC50F1CC62EFB00B96952 /* main.m */,
			);
			name = "Supporting Files";
			sourceTree = "<group>";
		};
		953FC52A1CC62EFB00B96952 /* CityTransportTests */ = {
			isa = PBXGroup;
			children = (
				953FC52B1CC62EFB00B96952 /* CityTransportTests.m */,
				953FC52D1CC62EFB00B96952 /* Info.plist */,
			);
			path = CityTransportTests;
			sourceTree = "<group>";
		};
		953FC5351CC62EFB00B96952 /* CityTransportUITests */ = {
			isa = PBXGroup;
			children = (
				953FC5361CC62EFB00B96952 /* CityTransportUITests.m */,
				953FC5381CC62EFB00B96952 /* Info.plist */,
			);
			path = CityTransportUITests;
			sourceTree = "<group>";
		};
		95F647491CD07AFB0051271E /* TableListStops */ = {
			isa = PBXGroup;
			children = (
				953FC5441CC631C000B96952 /* TableListStopsViewController.h */,
				953FC5451CC631C000B96952 /* TableListStopsViewController.m */,
				95F6474A1CD07B120051271E /* Cell */,
			);
			name = TableListStops;
			sourceTree = "<group>";
		};
		95F6474A1CD07B120051271E /* Cell */ = {
			isa = PBXGroup;
			children = (
				9557920D1CCCEF9600602344 /* TableListStopsViewCell.h */,
				9557920E1CCCEF9600602344 /* TableListStopsViewCell.m */,
			);
			name = Cell;
			sourceTree = "<group>";
		};
		95F647511CD07B850051271E /* TableListStopRoute */ = {
			isa = PBXGroup;
			children = (
				95F6474B1CD07B4D0051271E /* TableListStopRoute.h */,
				95F6474C1CD07B4D0051271E /* TableListStopRoute.m */,
				95F647521CD086470051271E /* Cell */,
			);
			name = TableListStopRoute;
			sourceTree = "<group>";
		};
		95F647521CD086470051271E /* Cell */ = {
			isa = PBXGroup;
			children = (
				95F6474E1CD07B710051271E /* TableListStopRouteCell.h */,
				95F6474F1CD07B710051271E /* TableListStopRouteCell.m */,
			);
			name = Cell;
			sourceTree = "<group>";
		};
/* End PBXGroup section */

/* Begin PBXNativeTarget section */
		953FC50A1CC62EFB00B96952 /* CityTransport */ = {
			isa = PBXNativeTarget;
			buildConfigurationList = 953FC53B1CC62EFB00B96952 /* Build configuration list for PBXNativeTarget "CityTransport" */;
			buildPhases = (
				953FC5071CC62EFB00B96952 /* Sources */,
				953FC5081CC62EFB00B96952 /* Frameworks */,
				953FC5091CC62EFB00B96952 /* Resources */,
			);
			buildRules = (
			);
			dependencies = (
			);
			name = CityTransport;
			productName = CityTransport;
			productReference = 953FC50B1CC62EFB00B96952 /* CityTransport.app */;
			productType = "com.apple.product-type.application";
		};
		953FC5261CC62EFB00B96952 /* CityTransportTests */ = {
			isa = PBXNativeTarget;
			buildConfigurationList = 953FC53E1CC62EFB00B96952 /* Build configuration list for PBXNativeTarget "CityTransportTests" */;
			buildPhases = (
				953FC5231CC62EFB00B96952 /* Sources */,
				953FC5241CC62EFB00B96952 /* Frameworks */,
				953FC5251CC62EFB00B96952 /* Resources */,
			);
			buildRules = (
			);
			dependencies = (
				953FC5291CC62EFB00B96952 /* PBXTargetDependency */,
			);
			name = CityTransportTests;
			productName = CityTransportTests;
			productReference = 953FC5271CC62EFB00B96952 /* CityTransportTests.xctest */;
			productType = "com.apple.product-type.bundle.unit-test";
		};
		953FC5311CC62EFB00B96952 /* CityTransportUITests */ = {
			isa = PBXNativeTarget;
			buildConfigurationList = 953FC5411CC62EFB00B96952 /* Build configuration list for PBXNativeTarget "CityTransportUITests" */;
			buildPhases = (
				953FC52E1CC62EFB00B96952 /* Sources */,
				953FC52F1CC62EFB00B96952 /* Frameworks */,
				953FC5301CC62EFB00B96952 /* Resources */,
			);
			buildRules = (
			);
			dependencies = (
				953FC5341CC62EFB00B96952 /* PBXTargetDependency */,
			);
			name = CityTransportUITests;
			productName = CityTransportUITests;
			productReference = 953FC5321CC62EFB00B96952 /* CityTransportUITests.xctest */;
			productType = "com.apple.product-type.bundle.ui-testing";
		};
/* End PBXNativeTarget section */

/* Begin PBXProject section */
		953FC5031CC62EFB00B96952 /* Project object */ = {
			isa = PBXProject;
			attributes = {
				LastUpgradeCheck = 0720;
				ORGANIZATIONNAME = Nikolay;
				TargetAttributes = {
					953FC50A1CC62EFB00B96952 = {
						CreatedOnToolsVersion = 7.2.1;
					};
					953FC5261CC62EFB00B96952 = {
						CreatedOnToolsVersion = 7.2.1;
						TestTargetID = 953FC50A1CC62EFB00B96952;
					};
					953FC5311CC62EFB00B96952 = {
						CreatedOnToolsVersion = 7.2.1;
						TestTargetID = 953FC50A1CC62EFB00B96952;
					};
				};
			};
			buildConfigurationList = 953FC5061CC62EFB00B96952 /* Build configuration list for PBXProject "CityTransport" */;
			compatibilityVersion = "Xcode 3.2";
			developmentRegion = English;
			hasScannedForEncodings = 0;
			knownRegions = (
				en,
				Base,
			);
			mainGroup = 953FC5021CC62EFB00B96952;
			productRefGroup = 953FC50C1CC62EFB00B96952 /* Products */;
			projectDirPath = "";
			projectRoot = "";
			targets = (
				953FC50A1CC62EFB00B96952 /* CityTransport */,
				953FC5261CC62EFB00B96952 /* CityTransportTests */,
				953FC5311CC62EFB00B96952 /* CityTransportUITests */,
			);
		};
/* End PBXProject section */

/* Begin PBXResourcesBuildPhase section */
		953FC5091CC62EFB00B96952 /* Resources */ = {
			isa = PBXResourcesBuildPhase;
			buildActionMask = 2147483647;
			files = (
				953FC5211CC62EFB00B96952 /* LaunchScreen.storyboard in Resources */,
				953FC51E1CC62EFB00B96952 /* Assets.xcassets in Resources */,
				953FC5191CC62EFB00B96952 /* Main.storyboard in Resources */,
			);
			runOnlyForDeploymentPostprocessing = 0;
		};
		953FC5251CC62EFB00B96952 /* Resources */ = {
			isa = PBXResourcesBuildPhase;
			buildActionMask = 2147483647;
			files = (
			);
			runOnlyForDeploymentPostprocessing = 0;
		};
		953FC5301CC62EFB00B96952 /* Resources */ = {
			isa = PBXResourcesBuildPhase;
			buildActionMask = 2147483647;
			files = (
			);
			runOnlyForDeploymentPostprocessing = 0;
		};
/* End PBXResourcesBuildPhase section */

/* Begin PBXSourcesBuildPhase section */
		953FC5071CC62EFB00B96952 /* Sources */ = {
			isa = PBXSourcesBuildPhase;
			buildActionMask = 2147483647;
			files = (
				95F6474D1CD07B4D0051271E /* TableListStopRoute.m in Sources */,
				95F647501CD07B710051271E /* TableListStopRouteCell.m in Sources */,
				953FC51C1CC62EFB00B96952 /* CityTransport.xcdatamodeld in Sources */,
				9557920F1CCCEF9600602344 /* TableListStopsViewCell.m in Sources */,
				953FC5461CC631C000B96952 /* TableListStopsViewController.m in Sources */,
				953DA8611CCA590E00180F21 /* URLListStropsObject.m in Sources */,
				953FC5131CC62EFB00B96952 /* AppDelegate.m in Sources */,
				95F647481CCFCE9A0051271E /* URLListStopRouteObject.m in Sources */,
				953FC5101CC62EFB00B96952 /* main.m in Sources */,
			);
			runOnlyForDeploymentPostprocessing = 0;
		};
		953FC5231CC62EFB00B96952 /* Sources */ = {
			isa = PBXSourcesBuildPhase;
			buildActionMask = 2147483647;
			files = (
				953FC52C1CC62EFB00B96952 /* CityTransportTests.m in Sources */,
			);
			runOnlyForDeploymentPostprocessing = 0;
		};
		953FC52E1CC62EFB00B96952 /* Sources */ = {
			isa = PBXSourcesBuildPhase;
			buildActionMask = 2147483647;
			files = (
				953FC5371CC62EFB00B96952 /* CityTransportUITests.m in Sources */,
			);
			runOnlyForDeploymentPostprocessing = 0;
		};
/* End PBXSourcesBuildPhase section */

/* Begin PBXTargetDependency section */
		953FC5291CC62EFB00B96952 /* PBXTargetDependency */ = {
			isa = PBXTargetDependency;
			target = 953FC50A1CC62EFB00B96952 /* CityTransport */;
			targetProxy = 953FC5281CC62EFB00B96952 /* PBXContainerItemProxy */;
		};
		953FC5341CC62EFB00B96952 /* PBXTargetDependency */ = {
			isa = PBXTargetDependency;
			target = 953FC50A1CC62EFB00B96952 /* CityTransport */;
			targetProxy = 953FC5331CC62EFB00B96952 /* PBXContainerItemProxy */;
		};
/* End PBXTargetDependency section */

/* Begin PBXVariantGroup section */
		953FC5171CC62EFB00B96952 /* Main.storyboard */ = {
			isa = PBXVariantGroup;
			children = (
				953FC5181CC62EFB00B96952 /* Base */,
			);
			name = Main.storyboard;
			sourceTree = "<group>";
		};
		953FC51F1CC62EFB00B96952 /* LaunchScreen.storyboard */ = {
			isa = PBXVariantGroup;
			children = (
				953FC5201CC62EFB00B96952 /* Base */,
			);
			name = LaunchScreen.storyboard;
			sourceTree = "<group>";
		};
/* End PBXVariantGroup section */

/* Begin XCBuildConfiguration section */
		953FC5391CC62EFB00B96952 /* Debug */ = {
			isa = XCBuildConfiguration;
			buildSettings = {
				ALWAYS_SEARCH_USER_PATHS = NO;
				CLANG_CXX_LANGUAGE_STANDARD = "gnu++0x";
				CLANG_CXX_LIBRARY = "libc++";
				CLANG_ENABLE_MODULES = YES;
				CLANG_ENABLE_OBJC_ARC = YES;
				CLANG_WARN_BOOL_CONVERSION = YES;
				CLANG_WARN_CONSTANT_CONVERSION = YES;
				CLANG_WARN_DIRECT_OBJC_ISA_USAGE = YES_ERROR;
				CLANG_WARN_EMPTY_BODY = YES;
				CLANG_WARN_ENUM_CONVERSION = YES;
				CLANG_WARN_INT_CONVERSION = YES;
				CLANG_WARN_OBJC_ROOT_CLASS = YES_ERROR;
				CLANG_WARN_UNREACHABLE_CODE = YES;
				CLANG_WARN__DUPLICATE_METHOD_MATCH = YES;
				"CODE_SIGN_IDENTITY[sdk=iphoneos*]" = "iPhone Developer";
				COPY_PHASE_STRIP = NO;
				DEBUG_INFORMATION_FORMAT = dwarf;
				ENABLE_STRICT_OBJC_MSGSEND = YES;
				ENABLE_TESTABILITY = YES;
				GCC_C_LANGUAGE_STANDARD = gnu99;
				GCC_DYNAMIC_NO_PIC = NO;
				GCC_NO_COMMON_BLOCKS = YES;
				GCC_OPTIMIZATION_LEVEL = 0;
				GCC_PREPROCESSOR_DEFINITIONS = (
					"DEBUG=1",
					"$(inherited)",
				);
				GCC_WARN_64_TO_32_BIT_CONVERSION = YES;
				GCC_WARN_ABOUT_RETURN_TYPE = YES_ERROR;
				GCC_WARN_UNDECLARED_SELECTOR = YES;
				GCC_WARN_UNINITIALIZED_AUTOS = YES_AGGRESSIVE;
				GCC_WARN_UNUSED_FUNCTION = YES;
				GCC_WARN_UNUSED_VARIABLE = YES;
				IPHONEOS_DEPLOYMENT_TARGET = 9.2;
				MTL_ENABLE_DEBUG_INFO = YES;
				ONLY_ACTIVE_ARCH = YES;
				SDKROOT = iphoneos;
			};
			name = Debug;
		};
		953FC53A1CC62EFB00B96952 /* Release */ = {
			isa = XCBuildConfiguration;
			buildSettings = {
				ALWAYS_SEARCH_USER_PATHS = NO;
				CLANG_CXX_LANGUAGE_STANDARD = "gnu++0x";
				CLANG_CXX_LIBRARY = "libc++";
				CLANG_ENABLE_MODULES = YES;
				CLANG_ENABLE_OBJC_ARC = YES;
				CLANG_WARN_BOOL_CONVERSION = YES;
				CLANG_WARN_CONSTANT_CONVERSION = YES;
				CLANG_WARN_DIRECT_OBJC_ISA_USAGE = YES_ERROR;
				CLANG_WARN_EMPTY_BODY = YES;
				CLANG_WARN_ENUM_CONVERSION = YES;
				CLANG_WARN_INT_CONVERSION = YES;
				CLANG_WARN_OBJC_ROOT_CLASS = YES_ERROR;
				CLANG_WARN_UNREACHABLE_CODE = YES;
				CLANG_WARN__DUPLICATE_METHOD_MATCH = YES;
				"CODE_SIGN_IDENTITY[sdk=iphoneos*]" = "iPhone Developer";
				COPY_PHASE_STRIP = NO;
				DEBUG_INFORMATION_FORMAT = "dwarf-with-dsym";
				ENABLE_NS_ASSERTIONS = NO;
				ENABLE_STRICT_OBJC_MSGSEND = YES;
				GCC_C_LANGUAGE_STANDARD = gnu99;
				GCC_NO_COMMON_BLOCKS = YES;
				GCC_WARN_64_TO_32_BIT_CONVERSION = YES;
				GCC_WARN_ABOUT_RETURN_TYPE = YES_ERROR;
				GCC_WARN_UNDECLARED_SELECTOR = YES;
				GCC_WARN_UNINITIALIZED_AUTOS = YES_AGGRESSIVE;
				GCC_WARN_UNUSED_FUNCTION = YES;
				GCC_WARN_UNUSED_VARIABLE = YES;
				IPHONEOS_DEPLOYMENT_TARGET = 9.2;
				MTL_ENABLE_DEBUG_INFO = NO;
				SDKROOT = iphoneos;
				VALIDATE_PRODUCT = YES;
			};
			name = Release;
		};
		953FC53C1CC62EFB00B96952 /* Debug */ = {
			isa = XCBuildConfiguration;
			buildSettings = {
				ASSETCATALOG_COMPILER_APPICON_NAME = AppIcon;
				INFOPLIST_FILE = CityTransport/Info.plist;
				LD_RUNPATH_SEARCH_PATHS = "$(inherited) @executable_path/Frameworks";
				PRODUCT_BUNDLE_IDENTIFIER = Umbrella.CityTransport;
				PRODUCT_NAME = "$(TARGET_NAME)";
			};
			name = Debug;
		};
		953FC53D1CC62EFB00B96952 /* Release */ = {
			isa = XCBuildConfiguration;
			buildSettings = {
				ASSETCATALOG_COMPILER_APPICON_NAME = AppIcon;
				INFOPLIST_FILE = CityTransport/Info.plist;
				LD_RUNPATH_SEARCH_PATHS = "$(inherited) @executable_path/Frameworks";
				PRODUCT_BUNDLE_IDENTIFIER = Umbrella.CityTransport;
				PRODUCT_NAME = "$(TARGET_NAME)";
			};
			name = Release;
		};
		953FC53F1CC62EFB00B96952 /* Debug */ = {
			isa = XCBuildConfiguration;
			buildSettings = {
				BUNDLE_LOADER = "$(TEST_HOST)";
				INFOPLIST_FILE = CityTransportTests/Info.plist;
				LD_RUNPATH_SEARCH_PATHS = "$(inherited) @executable_path/Frameworks @loader_path/Frameworks";
				PRODUCT_BUNDLE_IDENTIFIER = Umbrella.CityTransportTests;
				PRODUCT_NAME = "$(TARGET_NAME)";
				TEST_HOST = "$(BUILT_PRODUCTS_DIR)/CityTransport.app/CityTransport";
			};
			name = Debug;
		};
		953FC5401CC62EFB00B96952 /* Release */ = {
			isa = XCBuildConfiguration;
			buildSettings = {
				BUNDLE_LOADER = "$(TEST_HOST)";
				INFOPLIST_FILE = CityTransportTests/Info.plist;
				LD_RUNPATH_SEARCH_PATHS = "$(inherited) @executable_path/Frameworks @loader_path/Frameworks";
				PRODUCT_BUNDLE_IDENTIFIER = Umbrella.CityTransportTests;
				PRODUCT_NAME = "$(TARGET_NAME)";
				TEST_HOST = "$(BUILT_PRODUCTS_DIR)/CityTransport.app/CityTransport";
			};
			name = Release;
		};
		953FC5421CC62EFB00B96952 /* Debug */ = {
			isa = XCBuildConfiguration;
			buildSettings = {
				INFOPLIST_FILE = CityTransportUITests/Info.plist;
				LD_RUNPATH_SEARCH_PATHS = "$(inherited) @executable_path/Frameworks @loader_path/Frameworks";
				PRODUCT_BUNDLE_IDENTIFIER = Umbrella.CityTransportUITests;
				PRODUCT_NAME = "$(TARGET_NAME)";
				TEST_TARGET_NAME = CityTransport;
				USES_XCTRUNNER = YES;
			};
			name = Debug;
		};
		953FC5431CC62EFB00B96952 /* Release */ = {
			isa = XCBuildConfiguration;
			buildSettings = {
				INFOPLIST_FILE = CityTransportUITests/Info.plist;
				LD_RUNPATH_SEARCH_PATHS = "$(inherited) @executable_path/Frameworks @loader_path/Frameworks";
				PRODUCT_BUNDLE_IDENTIFIER = Umbrella.CityTransportUITests;
				PRODUCT_NAME = "$(TARGET_NAME)";
				TEST_TARGET_NAME = CityTransport;
				USES_XCTRUNNER = YES;
			};
			name = Release;
		};
/* End XCBuildConfiguration section */

/* Begin XCConfigurationList section */
		953FC5061CC62EFB00B96952 /* Build configuration list for PBXProject "CityTransport" */ = {
			isa = XCConfigurationList;
			buildConfigurations = (
				953FC5391CC62EFB00B96952 /* Debug */,
				953FC53A1CC62EFB00B96952 /* Release */,
			);
			defaultConfigurationIsVisible = 0;
			defaultConfigurationName = Release;
		};
		953FC53B1CC62EFB00B96952 /* Build configuration list for PBXNativeTarget "CityTransport" */ = {
			isa = XCConfigurationList;
			buildConfigurations = (
				953FC53C1CC62EFB00B96952 /* Debug */,
				953FC53D1CC62EFB00B96952 /* Release */,
			);
			defaultConfigurationIsVisible = 0;
			defaultConfigurationName = Release;
		};
		953FC53E1CC62EFB00B96952 /* Build configuration list for PBXNativeTarget "CityTransportTests" */ = {
			isa = XCConfigurationList;
			buildConfigurations = (
				953FC53F1CC62EFB00B96952 /* Debug */,
				953FC5401CC62EFB00B96952 /* Release */,
			);
			defaultConfigurationIsVisible = 0;
			defaultConfigurationName = Release;
		};
		953FC5411CC62EFB00B96952 /* Build configuration list for PBXNativeTarget "CityTransportUITests" */ = {
			isa = XCConfigurationList;
			buildConfigurations = (
				953FC5421CC62EFB00B96952 /* Debug */,
				953FC5431CC62EFB00B96952 /* Release */,
			);
			defaultConfigurationIsVisible = 0;
			defaultConfigurationName = Release;
		};
/* End XCConfigurationList section */

/* Begin XCVersionGroup section */
		953FC51A1CC62EFB00B96952 /* CityTransport.xcdatamodeld */ = {
			isa = XCVersionGroup;
			children = (
				953FC51B1CC62EFB00B96952 /* CityTransport.xcdatamodel */,
			);
			currentVersion = 953FC51B1CC62EFB00B96952 /* CityTransport.xcdatamodel */;
			path = CityTransport.xcdatamodeld;
			sourceTree = "<group>";
			versionGroupType = wrapper.xcdatamodel;
		};
/* End XCVersionGroup section */
	};
	rootObject = 953FC5031CC62EFB00B96952 /* Project object */;
}
